// !$*UTF8*$!
{
	archiveVersion = 1;
	classes = {
	};
	objectVersion = 50;
	objects = {

/* Begin PBXBuildFile section */
		DE42264B239DB63900F83BA8 /* AppDelegate.swift in Sources */ = {isa = PBXBuildFile; fileRef = DE42264A239DB63900F83BA8 /* AppDelegate.swift */; };
		DE42264D239DB63900F83BA8 /* SceneDelegate.swift in Sources */ = {isa = PBXBuildFile; fileRef = DE42264C239DB63900F83BA8 /* SceneDelegate.swift */; };
		DE42264F239DB63900F83BA8 /* ViewController.swift in Sources */ = {isa = PBXBuildFile; fileRef = DE42264E239DB63900F83BA8 /* ViewController.swift */; };
		DE422652239DB63900F83BA8 /* Main.storyboard in Resources */ = {isa = PBXBuildFile; fileRef = DE422650239DB63900F83BA8 /* Main.storyboard */; };
		DE422654239DB63C00F83BA8 /* Assets.xcassets in Resources */ = {isa = PBXBuildFile; fileRef = DE422653239DB63C00F83BA8 /* Assets.xcassets */; };
		DE422657239DB63C00F83BA8 /* LaunchScreen.storyboard in Resources */ = {isa = PBXBuildFile; fileRef = DE422655239DB63C00F83BA8 /* LaunchScreen.storyboard */; };
		DE42265F239DB66100F83BA8 /* FormViewController.swift in Sources */ = {isa = PBXBuildFile; fileRef = DE42265E239DB66100F83BA8 /* FormViewController.swift */; };
		DE70FDE423A59B0100C58806 /* TableViewCellStyle.swift in Sources */ = {isa = PBXBuildFile; fileRef = DE70FDE323A59B0100C58806 /* TableViewCellStyle.swift */; };
		DE971C3A23A1BFE90005AA25 /* Section.swift in Sources */ = {isa = PBXBuildFile; fileRef = DE971C3923A1BFE90005AA25 /* Section.swift */; };
		DE971C3C23A1C0020005AA25 /* TableViewCell.swift in Sources */ = {isa = PBXBuildFile; fileRef = DE971C3B23A1C0020005AA25 /* TableViewCell.swift */; };
		DE971C3E23A1C0220005AA25 /* Row.swift in Sources */ = {isa = PBXBuildFile; fileRef = DE971C3D23A1C0220005AA25 /* Row.swift */; };
		DE971C4023A1C06E0005AA25 /* ViewModel.swift in Sources */ = {isa = PBXBuildFile; fileRef = DE971C3F23A1C06E0005AA25 /* ViewModel.swift */; };
		DE971C4323A1C08D0005AA25 /* UIViewExtension.swift in Sources */ = {isa = PBXBuildFile; fileRef = DE971C4223A1C08D0005AA25 /* UIViewExtension.swift */; };
		DE971C4523A1C0A50005AA25 /* UITableViewExtension.swift in Sources */ = {isa = PBXBuildFile; fileRef = DE971C4423A1C0A50005AA25 /* UITableViewExtension.swift */; };
		DE971C4823A1C2040005AA25 /* DetailRow.swift in Sources */ = {isa = PBXBuildFile; fileRef = DE971C4723A1C2040005AA25 /* DetailRow.swift */; };
/* End PBXBuildFile section */

/* Begin PBXFileReference section */
		DE422647239DB63900F83BA8 /* FormViewController.app */ = {isa = PBXFileReference; explicitFileType = wrapper.application; includeInIndex = 0; path = FormViewController.app; sourceTree = BUILT_PRODUCTS_DIR; };
		DE42264A239DB63900F83BA8 /* AppDelegate.swift */ = {isa = PBXFileReference; lastKnownFileType = sourcecode.swift; path = AppDelegate.swift; sourceTree = "<group>"; };
		DE42264C239DB63900F83BA8 /* SceneDelegate.swift */ = {isa = PBXFileReference; lastKnownFileType = sourcecode.swift; path = SceneDelegate.swift; sourceTree = "<group>"; };
		DE42264E239DB63900F83BA8 /* ViewController.swift */ = {isa = PBXFileReference; lastKnownFileType = sourcecode.swift; path = ViewController.swift; sourceTree = "<group>"; };
		DE422651239DB63900F83BA8 /* Base */ = {isa = PBXFileReference; lastKnownFileType = file.storyboard; name = Base; path = Base.lproj/Main.storyboard; sourceTree = "<group>"; };
		DE422653239DB63C00F83BA8 /* Assets.xcassets */ = {isa = PBXFileReference; lastKnownFileType = folder.assetcatalog; path = Assets.xcassets; sourceTree = "<group>"; };
		DE422656239DB63C00F83BA8 /* Base */ = {isa = PBXFileReference; lastKnownFileType = file.storyboard; name = Base; path = Base.lproj/LaunchScreen.storyboard; sourceTree = "<group>"; };
		DE422658239DB63C00F83BA8 /* Info.plist */ = {isa = PBXFileReference; lastKnownFileType = text.plist.xml; path = Info.plist; sourceTree = "<group>"; };
		DE42265E239DB66100F83BA8 /* FormViewController.swift */ = {isa = PBXFileReference; lastKnownFileType = sourcecode.swift; path = FormViewController.swift; sourceTree = "<group>"; };
		DE70FDE323A59B0100C58806 /* TableViewCellStyle.swift */ = {isa = PBXFileReference; lastKnownFileType = sourcecode.swift; path = TableViewCellStyle.swift; sourceTree = "<group>"; };
		DE971C3923A1BFE90005AA25 /* Section.swift */ = {isa = PBXFileReference; lastKnownFileType = sourcecode.swift; path = Section.swift; sourceTree = "<group>"; };
		DE971C3B23A1C0020005AA25 /* TableViewCell.swift */ = {isa = PBXFileReference; lastKnownFileType = sourcecode.swift; path = TableViewCell.swift; sourceTree = "<group>"; };
		DE971C3D23A1C0220005AA25 /* Row.swift */ = {isa = PBXFileReference; lastKnownFileType = sourcecode.swift; path = Row.swift; sourceTree = "<group>"; };
		DE971C3F23A1C06E0005AA25 /* ViewModel.swift */ = {isa = PBXFileReference; lastKnownFileType = sourcecode.swift; path = ViewModel.swift; sourceTree = "<group>"; };
		DE971C4223A1C08D0005AA25 /* UIViewExtension.swift */ = {isa = PBXFileReference; lastKnownFileType = sourcecode.swift; path = UIViewExtension.swift; sourceTree = "<group>"; };
		DE971C4423A1C0A50005AA25 /* UITableViewExtension.swift */ = {isa = PBXFileReference; lastKnownFileType = sourcecode.swift; path = UITableViewExtension.swift; sourceTree = "<group>"; };
		DE971C4723A1C2040005AA25 /* DetailRow.swift */ = {isa = PBXFileReference; lastKnownFileType = sourcecode.swift; path = DetailRow.swift; sourceTree = "<group>"; };
/* End PBXFileReference section */

/* Begin PBXFrameworksBuildPhase section */
		DE422644239DB63900F83BA8 /* Frameworks */ = {
			isa = PBXFrameworksBuildPhase;
			buildActionMask = 2147483647;
			files = (
			);
			runOnlyForDeploymentPostprocessing = 0;
		};
/* End PBXFrameworksBuildPhase section */

/* Begin PBXGroup section */
		DE42263E239DB63900F83BA8 = {
			isa = PBXGroup;
			children = (
				DE422649239DB63900F83BA8 /* FormViewController */,
				DE422648239DB63900F83BA8 /* Products */,
			);
			sourceTree = "<group>";
		};
		DE422648239DB63900F83BA8 /* Products */ = {
			isa = PBXGroup;
			children = (
				DE422647239DB63900F83BA8 /* FormViewController.app */,
			);
			name = Products;
			sourceTree = "<group>";
		};
		DE422649239DB63900F83BA8 /* FormViewController */ = {
			isa = PBXGroup;
			children = (
				DE971C4623A1C1DF0005AA25 /* Examples */,
				DE971C4123A1C0800005AA25 /* Extensions */,
				DE971C3823A1BFD60005AA25 /* Types */,
				DE42264A239DB63900F83BA8 /* AppDelegate.swift */,
				DE42264C239DB63900F83BA8 /* SceneDelegate.swift */,
				DE42264E239DB63900F83BA8 /* ViewController.swift */,
				DE422650239DB63900F83BA8 /* Main.storyboard */,
				DE422653239DB63C00F83BA8 /* Assets.xcassets */,
				DE422655239DB63C00F83BA8 /* LaunchScreen.storyboard */,
				DE422658239DB63C00F83BA8 /* Info.plist */,
				DE42265E239DB66100F83BA8 /* FormViewController.swift */,
			);
			path = FormViewController;
			sourceTree = "<group>";
		};
		DE971C3823A1BFD60005AA25 /* Types */ = {
			isa = PBXGroup;
			children = (
				DE971C3923A1BFE90005AA25 /* Section.swift */,
				DE971C3B23A1C0020005AA25 /* TableViewCell.swift */,
				DE971C3D23A1C0220005AA25 /* Row.swift */,
				DE971C3F23A1C06E0005AA25 /* ViewModel.swift */,
				DE70FDE323A59B0100C58806 /* TableViewCellStyle.swift */,
			);
			path = Types;
			sourceTree = "<group>";
		};
		DE971C4123A1C0800005AA25 /* Extensions */ = {
			isa = PBXGroup;
			children = (
				DE971C4223A1C08D0005AA25 /* UIViewExtension.swift */,
				DE971C4423A1C0A50005AA25 /* UITableViewExtension.swift */,
			);
			path = Extensions;
			sourceTree = "<group>";
		};
		DE971C4623A1C1DF0005AA25 /* Examples */ = {
			isa = PBXGroup;
			children = (
				DE971C4723A1C2040005AA25 /* DetailRow.swift */,
			);
			path = Examples;
			sourceTree = "<group>";
		};
/* End PBXGroup section */

/* Begin PBXNativeTarget section */
		DE422646239DB63900F83BA8 /* FormViewController */ = {
			isa = PBXNativeTarget;
			buildConfigurationList = DE42265B239DB63C00F83BA8 /* Build configuration list for PBXNativeTarget "FormViewController" */;
			buildPhases = (
				DE422643239DB63900F83BA8 /* Sources */,
				DE422644239DB63900F83BA8 /* Frameworks */,
				DE422645239DB63900F83BA8 /* Resources */,
			);
			buildRules = (
			);
			dependencies = (
			);
			name = FormViewController;
			productName = FormViewController;
			productReference = DE422647239DB63900F83BA8 /* FormViewController.app */;
			productType = "com.apple.product-type.application";
		};
/* End PBXNativeTarget section */

/* Begin PBXProject section */
		DE42263F239DB63900F83BA8 /* Project object */ = {
			isa = PBXProject;
			attributes = {
				LastSwiftUpdateCheck = 1120;
				LastUpgradeCheck = 1120;
				ORGANIZATIONNAME = "Raoul Schwagmeier";
				TargetAttributes = {
					DE422646239DB63900F83BA8 = {
						CreatedOnToolsVersion = 11.2.1;
					};
				};
			};
			buildConfigurationList = DE422642239DB63900F83BA8 /* Build configuration list for PBXProject "FormViewController" */;
			compatibilityVersion = "Xcode 9.3";
			developmentRegion = en;
			hasScannedForEncodings = 0;
			knownRegions = (
				en,
				Base,
			);
			mainGroup = DE42263E239DB63900F83BA8;
			productRefGroup = DE422648239DB63900F83BA8 /* Products */;
			projectDirPath = "";
			projectRoot = "";
			targets = (
				DE422646239DB63900F83BA8 /* FormViewController */,
			);
		};
/* End PBXProject section */

/* Begin PBXResourcesBuildPhase section */
		DE422645239DB63900F83BA8 /* Resources */ = {
			isa = PBXResourcesBuildPhase;
			buildActionMask = 2147483647;
			files = (
				DE422657239DB63C00F83BA8 /* LaunchScreen.storyboard in Resources */,
				DE422654239DB63C00F83BA8 /* Assets.xcassets in Resources */,
				DE422652239DB63900F83BA8 /* Main.storyboard in Resources */,
			);
			runOnlyForDeploymentPostprocessing = 0;
		};
/* End PBXResourcesBuildPhase section */

/* Begin PBXSourcesBuildPhase section */
		DE422643239DB63900F83BA8 /* Sources */ = {
			isa = PBXSourcesBuildPhase;
			buildActionMask = 2147483647;
			files = (
				DE971C3A23A1BFE90005AA25 /* Section.swift in Sources */,
				DE971C4523A1C0A50005AA25 /* UITableViewExtension.swift in Sources */,
				DE42264F239DB63900F83BA8 /* ViewController.swift in Sources */,
				DE70FDE423A59B0100C58806 /* TableViewCellStyle.swift in Sources */,
				DE971C4823A1C2040005AA25 /* DetailRow.swift in Sources */,
				DE42264B239DB63900F83BA8 /* AppDelegate.swift in Sources */,
				DE971C3C23A1C0020005AA25 /* TableViewCell.swift in Sources */,
				DE42265F239DB66100F83BA8 /* FormViewController.swift in Sources */,
				DE971C3E23A1C0220005AA25 /* Row.swift in Sources */,
				DE971C4323A1C08D0005AA25 /* UIViewExtension.swift in Sources */,
				DE971C4023A1C06E0005AA25 /* ViewModel.swift in Sources */,
				DE42264D239DB63900F83BA8 /* SceneDelegate.swift in Sources */,
			);
			runOnlyForDeploymentPostprocessing = 0;
		};
/* End PBXSourcesBuildPhase section */

/* Begin PBXVariantGroup section */
		DE422650239DB63900F83BA8 /* Main.storyboard */ = {
			isa = PBXVariantGroup;
			children = (
				DE422651239DB63900F83BA8 /* Base */,
			);
			name = Main.storyboard;
			sourceTree = "<group>";
		};
		DE422655239DB63C00F83BA8 /* LaunchScreen.storyboard */ = {
			isa = PBXVariantGroup;
			children = (
				DE422656239DB63C00F83BA8 /* Base */,
			);
			name = LaunchScreen.storyboard;
			sourceTree = "<group>";
		};
/* End PBXVariantGroup section */

/* Begin XCBuildConfiguration section */
		DE422659239DB63C00F83BA8 /* Debug */ = {
			isa = XCBuildConfiguration;
			buildSettings = {
				ALWAYS_SEARCH_USER_PATHS = NO;
				CLANG_ANALYZER_NONNULL = YES;
				CLANG_ANALYZER_NUMBER_OBJECT_CONVERSION = YES_AGGRESSIVE;
				CLANG_CXX_LANGUAGE_STANDARD = "gnu++14";
				CLANG_CXX_LIBRARY = "libc++";
				CLANG_ENABLE_MODULES = YES;
				CLANG_ENABLE_OBJC_ARC = YES;
				CLANG_ENABLE_OBJC_WEAK = YES;
				CLANG_WARN_BLOCK_CAPTURE_AUTORELEASING = YES;
				CLANG_WARN_BOOL_CONVERSION = YES;
				CLANG_WARN_COMMA = YES;
				CLANG_WARN_CONSTANT_CONVERSION = YES;
				CLANG_WARN_DEPRECATED_OBJC_IMPLEMENTATIONS = YES;
				CLANG_WARN_DIRECT_OBJC_ISA_USAGE = YES_ERROR;
				CLANG_WARN_DOCUMENTATION_COMMENTS = YES;
				CLANG_WARN_EMPTY_BODY = YES;
				CLANG_WARN_ENUM_CONVERSION = YES;
				CLANG_WARN_INFINITE_RECURSION = YES;
				CLANG_WARN_INT_CONVERSION = YES;
				CLANG_WARN_NON_LITERAL_NULL_CONVERSION = YES;
				CLANG_WARN_OBJC_IMPLICIT_RETAIN_SELF = YES;
				CLANG_WARN_OBJC_LITERAL_CONVERSION = YES;
				CLANG_WARN_OBJC_ROOT_CLASS = YES_ERROR;
				CLANG_WARN_RANGE_LOOP_ANALYSIS = YES;
				CLANG_WARN_STRICT_PROTOTYPES = YES;
				CLANG_WARN_SUSPICIOUS_MOVE = YES;
				CLANG_WARN_UNGUARDED_AVAILABILITY = YES_AGGRESSIVE;
				CLANG_WARN_UNREACHABLE_CODE = YES;
				CLANG_WARN__DUPLICATE_METHOD_MATCH = YES;
				COPY_PHASE_STRIP = NO;
				DEBUG_INFORMATION_FORMAT = dwarf;
				ENABLE_STRICT_OBJC_MSGSEND = YES;
				ENABLE_TESTABILITY = YES;
				GCC_C_LANGUAGE_STANDARD = gnu11;
				GCC_DYNAMIC_NO_PIC = NO;
				GCC_NO_COMMON_BLOCKS = YES;
				GCC_OPTIMIZATION_LEVEL = 0;
				GCC_PREPROCESSOR_DEFINITIONS = (
					"DEBUG=1",
					"$(inherited)",
				);
				GCC_WARN_64_TO_32_BIT_CONVERSION = YES;
				GCC_WARN_ABOUT_RETURN_TYPE = YES_ERROR;
				GCC_WARN_UNDECLARED_SELECTOR = YES;
				GCC_WARN_UNINITIALIZED_AUTOS = YES_AGGRESSIVE;
				GCC_WARN_UNUSED_FUNCTION = YES;
				GCC_WARN_UNUSED_VARIABLE = YES;
				IPHONEOS_DEPLOYMENT_TARGET = 13.2;
				MTL_ENABLE_DEBUG_INFO = INCLUDE_SOURCE;
				MTL_FAST_MATH = YES;
				ONLY_ACTIVE_ARCH = YES;
				SDKROOT = iphoneos;
				SWIFT_ACTIVE_COMPILATION_CONDITIONS = DEBUG;
				SWIFT_OPTIMIZATION_LEVEL = "-Onone";
			};
			name = Debug;
		};
		DE42265A239DB63C00F83BA8 /* Release */ = {
			isa = XCBuildConfiguration;
			buildSettings = {
				ALWAYS_SEARCH_USER_PATHS = NO;
				CLANG_ANALYZER_NONNULL = YES;
				CLANG_ANALYZER_NUMBER_OBJECT_CONVERSION = YES_AGGRESSIVE;
				CLANG_CXX_LANGUAGE_STANDARD = "gnu++14";
				CLANG_CXX_LIBRARY = "libc++";
				CLANG_ENABLE_MODULES = YES;
				CLANG_ENABLE_OBJC_ARC = YES;
				CLANG_ENABLE_OBJC_WEAK = YES;
				CLANG_WARN_BLOCK_CAPTURE_AUTORELEASING = YES;
				CLANG_WARN_BOOL_CONVERSION = YES;
				CLANG_WARN_COMMA = YES;
				CLANG_WARN_CONSTANT_CONVERSION = YES;
				CLANG_WARN_DEPRECATED_OBJC_IMPLEMENTATIONS = YES;
				CLANG_WARN_DIRECT_OBJC_ISA_USAGE = YES_ERROR;
				CLANG_WARN_DOCUMENTATION_COMMENTS = YES;
				CLANG_WARN_EMPTY_BODY = YES;
				CLANG_WARN_ENUM_CONVERSION = YES;
				CLANG_WARN_INFINITE_RECURSION = YES;
				CLANG_WARN_INT_CONVERSION = YES;
				CLANG_WARN_NON_LITERAL_NULL_CONVERSION = YES;
				CLANG_WARN_OBJC_IMPLICIT_RETAIN_SELF = YES;
				CLANG_WARN_OBJC_LITERAL_CONVERSION = YES;
				CLANG_WARN_OBJC_ROOT_CLASS = YES_ERROR;
				CLANG_WARN_RANGE_LOOP_ANALYSIS = YES;
				CLANG_WARN_STRICT_PROTOTYPES = YES;
				CLANG_WARN_SUSPICIOUS_MOVE = YES;
				CLANG_WARN_UNGUARDED_AVAILABILITY = YES_AGGRESSIVE;
				CLANG_WARN_UNREACHABLE_CODE = YES;
				CLANG_WARN__DUPLICATE_METHOD_MATCH = YES;
				COPY_PHASE_STRIP = NO;
				DEBUG_INFORMATION_FORMAT = "dwarf-with-dsym";
				ENABLE_NS_ASSERTIONS = NO;
				ENABLE_STRICT_OBJC_MSGSEND = YES;
				GCC_C_LANGUAGE_STANDARD = gnu11;
				GCC_NO_COMMON_BLOCKS = YES;
				GCC_WARN_64_TO_32_BIT_CONVERSION = YES;
				GCC_WARN_ABOUT_RETURN_TYPE = YES_ERROR;
				GCC_WARN_UNDECLARED_SELECTOR = YES;
				GCC_WARN_UNINITIALIZED_AUTOS = YES_AGGRESSIVE;
				GCC_WARN_UNUSED_FUNCTION = YES;
				GCC_WARN_UNUSED_VARIABLE = YES;
				IPHONEOS_DEPLOYMENT_TARGET = 13.2;
				MTL_ENABLE_DEBUG_INFO = NO;
				MTL_FAST_MATH = YES;
				SDKROOT = iphoneos;
				SWIFT_COMPILATION_MODE = wholemodule;
				SWIFT_OPTIMIZATION_LEVEL = "-O";
				VALIDATE_PRODUCT = YES;
			};
			name = Release;
		};
		DE42265C239DB63C00F83BA8 /* Debug */ = {
			isa = XCBuildConfiguration;
			buildSettings = {
				ASSETCATALOG_COMPILER_APPICON_NAME = AppIcon;
				CODE_SIGN_STYLE = Automatic;
				DEVELOPMENT_TEAM = UN495CWDD6;
				INFOPLIST_FILE = FormViewController/Info.plist;
				LD_RUNPATH_SEARCH_PATHS = (
					"$(inherited)",
					"@executable_path/Frameworks",
				);
				PRODUCT_BUNDLE_IDENTIFIER = com.raoulschwagmeier.FormViewController;
				PRODUCT_NAME = "$(TARGET_NAME)";
				SWIFT_VERSION = 5.0;
				TARGETED_DEVICE_FAMILY = "1,2";
			};
			name = Debug;
		};
		DE42265D239DB63C00F83BA8 /* Release */ = {
			isa = XCBuildConfiguration;
			buildSettings = {
				ASSETCATALOG_COMPILER_APPICON_NAME = AppIcon;
				CODE_SIGN_STYLE = Automatic;
				DEVELOPMENT_TEAM = UN495CWDD6;
				INFOPLIST_FILE = FormViewController/Info.plist;
				LD_RUNPATH_SEARCH_PATHS = (
					"$(inherited)",
					"@executable_path/Frameworks",
				);
				PRODUCT_BUNDLE_IDENTIFIER = com.raoulschwagmeier.FormViewController;
				PRODUCT_NAME = "$(TARGET_NAME)";
				SWIFT_VERSION = 5.0;
				TARGETED_DEVICE_FAMILY = "1,2";
			};
			name = Release;
		};
/* End XCBuildConfiguration section */

/* Begin XCConfigurationList section */
		DE422642239DB63900F83BA8 /* Build configuration list for PBXProject "FormViewController" */ = {
			isa = XCConfigurationList;
			buildConfigurations = (
				DE422659239DB63C00F83BA8 /* Debug */,
				DE42265A239DB63C00F83BA8 /* Release */,
			);
			defaultConfigurationIsVisible = 0;
			defaultConfigurationName = Release;
		};
		DE42265B239DB63C00F83BA8 /* Build configuration list for PBXNativeTarget "FormViewController" */ = {
			isa = XCConfigurationList;
			buildConfigurations = (
				DE42265C239DB63C00F83BA8 /* Debug */,
				DE42265D239DB63C00F83BA8 /* Release */,
			);
			defaultConfigurationIsVisible = 0;
			defaultConfigurationName = Release;
		};
/* End XCConfigurationList section */
	};
	rootObject = DE42263F239DB63900F83BA8 /* Project object */;
}
